
Microsoft Visual Studio Solution File, Format Version 12.00
# Visual Studio Version 17
VisualStudioVersion = 17.11.35327.3
MinimumVisualStudioVersion = 10.0.40219.1
Project("{9A19103F-16F7-4668-BE54-9A1E7A4F7556}") = "ex01", "ex01\ex01.csproj", "{D8C2A0E0-8DC2-4CA3-BFF8-7797794DDB37}"
EndProject
Project("{9A19103F-16F7-4668-BE54-9A1E7A4F7556}") = "ex02", "ex02\ex02.csproj", "{1B428C25-ED51-443E-8B60-E6FE4819BAE3}"
EndProject
Project("{9A19103F-16F7-4668-BE54-9A1E7A4F7556}") = "ex03", "ex03\ex03.csproj", "{2DB9427E-E8B0-4597-BB7D-5A428F40CA65}"
EndProject
Project("{9A19103F-16F7-4668-BE54-9A1E7A4F7556}") = "ex04", "ex04\ex04.csproj", "{3D507342-101A-43CC-8B2F-55943C8BB866}"
EndProject
Project("{9A19103F-16F7-4668-BE54-9A1E7A4F7556}") = "ex05", "ex05\ex05.csproj", "{9C8ABFD9-6C71-4086-9106-2B6C8F950D86}"
EndProject
Project("{9A19103F-16F7-4668-BE54-9A1E7A4F7556}") = "ex06", "ex06\ex06.csproj", "{CC151D9B-E88E-4C23-925D-5006A711B250}"
EndProject
Project("{9A19103F-16F7-4668-BE54-9A1E7A4F7556}") = "ex07", "ex07\ex07.csproj", "{CC2C4A9C-9948-46D0-B1E6-C56E65E5F10B}"
EndProject
Project("{9A19103F-16F7-4668-BE54-9A1E7A4F7556}") = "ex08", "ex08\ex08.csproj", "{458A91E8-DAA2-4106-99E1-68D4A2E35A0D}"
EndProject
Project("{9A19103F-16F7-4668-BE54-9A1E7A4F7556}") = "ex09", "ex09\ex09.csproj", "{A28AC207-9BC2-47CE-8FCA-B87591E80D20}"
EndProject
Project("{9A19103F-16F7-4668-BE54-9A1E7A4F7556}") = "ex10", "ex10\ex10.csproj", "{C363C54E-4248-410F-9395-B771A83CE9B0}"
EndProject
Project("{9A19103F-16F7-4668-BE54-9A1E7A4F7556}") = "ex11", "ex11\ex11.csproj", "{0A70A8A8-2B84-4964-A15A-0653D207E457}"
EndProject
Project("{9A19103F-16F7-4668-BE54-9A1E7A4F7556}") = "ex12", "ex12\ex12.csproj", "{2B8AED3D-78B6-444C-ADDF-26D3BBCA6121}"
EndProject
Project("{9A19103F-16F7-4668-BE54-9A1E7A4F7556}") = "ex13", "ex13\ex13.csproj", "{23DA6A00-5DD4-45E6-B63F-6C638FEA27C6}"
EndProject
Project("{9A19103F-16F7-4668-BE54-9A1E7A4F7556}") = "ex14", "ex14\ex14.csproj", "{050FCE3B-CB58-4C1C-95C2-C7259AB2E14E}"
EndProject
Project("{9A19103F-16F7-4668-BE54-9A1E7A4F7556}") = "ex15", "ex15\ex15.csproj", "{DF7A051C-597B-43B3-8537-905D95DA5EEF}"
EndProject
Project("{9A19103F-16F7-4668-BE54-9A1E7A4F7556}") = "ex16", "ex16\ex16.csproj", "{A99EB105-8336-419C-9FE6-32C502C4413E}"
EndProject
Project("{9A19103F-16F7-4668-BE54-9A1E7A4F7556}") = "ex17", "ex17\ex17.csproj", "{CD30C8FC-FDBC-4918-AE21-9EA21DA3EDE3}"
EndProject
Project("{9A19103F-16F7-4668-BE54-9A1E7A4F7556}") = "ex18", "ex18\ex18.csproj", "{A5D60DD4-8EA3-45ED-8358-8C8528B09ABE}"
EndProject
Project("{9A19103F-16F7-4668-BE54-9A1E7A4F7556}") = "ex19", "ex20\ex19.csproj", "{1EE0A802-14B7-40B5-AA01-65D5EFE3F380}"
EndProject
Project("{9A19103F-16F7-4668-BE54-9A1E7A4F7556}") = "ex21", "ex21\ex21.csproj", "{62B615FB-124D-4D51-83A7-2091D1601842}"
EndProject
Project("{9A19103F-16F7-4668-BE54-9A1E7A4F7556}") = "ex22", "ex22\ex22.csproj", "{E1B486A4-1900-4E2D-BF8D-3602AD8F59B0}"
EndProject
Project("{9A19103F-16F7-4668-BE54-9A1E7A4F7556}") = "ex23", "ex23\ex23.csproj", "{D24407AD-9685-4EA1-A6B3-CCA28364983B}"
EndProject
Project("{9A19103F-16F7-4668-BE54-9A1E7A4F7556}") = "ex24", "ex24\ex24.csproj", "{5FE96FE1-E446-4099-9BB0-9A33CEB7C3F6}"
EndProject
Project("{9A19103F-16F7-4668-BE54-9A1E7A4F7556}") = "ex25", "ex25\ex25.csproj", "{24940F23-7438-4C34-B92E-12453926FB29}"
EndProject
Project("{9A19103F-16F7-4668-BE54-9A1E7A4F7556}") = "ex26", "ex26\ex26.csproj", "{8E0B4178-4202-4211-A889-D123D54C8B71}"
EndProject
Project("{9A19103F-16F7-4668-BE54-9A1E7A4F7556}") = "ex27", "ex27\ex27.csproj", "{AD34D987-A68D-4F47-8CAD-C8A2646A81B7}"
EndProject
Project("{9A19103F-16F7-4668-BE54-9A1E7A4F7556}") = "ex28", "ex28\ex28.csproj", "{ACEA05B3-B742-4BAC-9F95-92F97F58B1A8}"
EndProject
Project("{9A19103F-16F7-4668-BE54-9A1E7A4F7556}") = "ex29", "ex29\ex29.csproj", "{53190D4B-5C09-4FEA-B50F-4C43F648FE68}"
EndProject
Project("{9A19103F-16F7-4668-BE54-9A1E7A4F7556}") = "ex30", "ex30\ex30.csproj", "{E1F400EC-B7A3-4DC4-8641-9FE7078A6780}"
EndProject
Project("{FAE04EC0-301F-11D3-BF4B-00C04F79EFBC}") = "desafio01", "desafio01\desafio01.csproj", "{8DA7008D-0F7A-4E32-93E7-914DE56E5F3A}"
EndProject
Project("{FAE04EC0-301F-11D3-BF4B-00C04F79EFBC}") = "desafio02", "desafio02\desafio02.csproj", "{B6D60EB9-DCE7-4AAA-85E6-86E65259B893}"
EndProject
Project("{FAE04EC0-301F-11D3-BF4B-00C04F79EFBC}") = "desafio03", "desafio03\desafio03.csproj", "{8467F8F6-383C-4BB9-8EDA-AB8EAE9BF228}"
EndProject
Global
	GlobalSection(SolutionConfigurationPlatforms) = preSolution
		Debug|Any CPU = Debug|Any CPU
		Release|Any CPU = Release|Any CPU
	EndGlobalSection
	GlobalSection(ProjectConfigurationPlatforms) = postSolution
		{D8C2A0E0-8DC2-4CA3-BFF8-7797794DDB37}.Debug|Any CPU.ActiveCfg = Debug|Any CPU
		{D8C2A0E0-8DC2-4CA3-BFF8-7797794DDB37}.Debug|Any CPU.Build.0 = Debug|Any CPU
		{D8C2A0E0-8DC2-4CA3-BFF8-7797794DDB37}.Release|Any CPU.ActiveCfg = Release|Any CPU
		{D8C2A0E0-8DC2-4CA3-BFF8-7797794DDB37}.Release|Any CPU.Build.0 = Release|Any CPU
		{1B428C25-ED51-443E-8B60-E6FE4819BAE3}.Debug|Any CPU.ActiveCfg = Debug|Any CPU
		{1B428C25-ED51-443E-8B60-E6FE4819BAE3}.Debug|Any CPU.Build.0 = Debug|Any CPU
		{1B428C25-ED51-443E-8B60-E6FE4819BAE3}.Release|Any CPU.ActiveCfg = Release|Any CPU
		{1B428C25-ED51-443E-8B60-E6FE4819BAE3}.Release|Any CPU.Build.0 = Release|Any CPU
		{2DB9427E-E8B0-4597-BB7D-5A428F40CA65}.Debug|Any CPU.ActiveCfg = Debug|Any CPU
		{2DB9427E-E8B0-4597-BB7D-5A428F40CA65}.Debug|Any CPU.Build.0 = Debug|Any CPU
		{2DB9427E-E8B0-4597-BB7D-5A428F40CA65}.Release|Any CPU.ActiveCfg = Release|Any CPU
		{2DB9427E-E8B0-4597-BB7D-5A428F40CA65}.Release|Any CPU.Build.0 = Release|Any CPU
		{3D507342-101A-43CC-8B2F-55943C8BB866}.Debug|Any CPU.ActiveCfg = Debug|Any CPU
		{3D507342-101A-43CC-8B2F-55943C8BB866}.Debug|Any CPU.Build.0 = Debug|Any CPU
		{3D507342-101A-43CC-8B2F-55943C8BB866}.Release|Any CPU.ActiveCfg = Release|Any CPU
		{3D507342-101A-43CC-8B2F-55943C8BB866}.Release|Any CPU.Build.0 = Release|Any CPU
		{9C8ABFD9-6C71-4086-9106-2B6C8F950D86}.Debug|Any CPU.ActiveCfg = Debug|Any CPU
		{9C8ABFD9-6C71-4086-9106-2B6C8F950D86}.Debug|Any CPU.Build.0 = Debug|Any CPU
		{9C8ABFD9-6C71-4086-9106-2B6C8F950D86}.Release|Any CPU.ActiveCfg = Release|Any CPU
		{9C8ABFD9-6C71-4086-9106-2B6C8F950D86}.Release|Any CPU.Build.0 = Release|Any CPU
		{CC151D9B-E88E-4C23-925D-5006A711B250}.Debug|Any CPU.ActiveCfg = Debug|Any CPU
		{CC151D9B-E88E-4C23-925D-5006A711B250}.Debug|Any CPU.Build.0 = Debug|Any CPU
		{CC151D9B-E88E-4C23-925D-5006A711B250}.Release|Any CPU.ActiveCfg = Release|Any CPU
		{CC151D9B-E88E-4C23-925D-5006A711B250}.Release|Any CPU.Build.0 = Release|Any CPU
		{CC2C4A9C-9948-46D0-B1E6-C56E65E5F10B}.Debug|Any CPU.ActiveCfg = Debug|Any CPU
		{CC2C4A9C-9948-46D0-B1E6-C56E65E5F10B}.Debug|Any CPU.Build.0 = Debug|Any CPU
		{CC2C4A9C-9948-46D0-B1E6-C56E65E5F10B}.Release|Any CPU.ActiveCfg = Release|Any CPU
		{CC2C4A9C-9948-46D0-B1E6-C56E65E5F10B}.Release|Any CPU.Build.0 = Release|Any CPU
		{458A91E8-DAA2-4106-99E1-68D4A2E35A0D}.Debug|Any CPU.ActiveCfg = Debug|Any CPU
		{458A91E8-DAA2-4106-99E1-68D4A2E35A0D}.Debug|Any CPU.Build.0 = Debug|Any CPU
		{458A91E8-DAA2-4106-99E1-68D4A2E35A0D}.Release|Any CPU.ActiveCfg = Release|Any CPU
		{458A91E8-DAA2-4106-99E1-68D4A2E35A0D}.Release|Any CPU.Build.0 = Release|Any CPU
		{A28AC207-9BC2-47CE-8FCA-B87591E80D20}.Debug|Any CPU.ActiveCfg = Debug|Any CPU
		{A28AC207-9BC2-47CE-8FCA-B87591E80D20}.Debug|Any CPU.Build.0 = Debug|Any CPU
		{A28AC207-9BC2-47CE-8FCA-B87591E80D20}.Release|Any CPU.ActiveCfg = Release|Any CPU
		{A28AC207-9BC2-47CE-8FCA-B87591E80D20}.Release|Any CPU.Build.0 = Release|Any CPU
		{C363C54E-4248-410F-9395-B771A83CE9B0}.Debug|Any CPU.ActiveCfg = Debug|Any CPU
		{C363C54E-4248-410F-9395-B771A83CE9B0}.Debug|Any CPU.Build.0 = Debug|Any CPU
		{C363C54E-4248-410F-9395-B771A83CE9B0}.Release|Any CPU.ActiveCfg = Release|Any CPU
		{C363C54E-4248-410F-9395-B771A83CE9B0}.Release|Any CPU.Build.0 = Release|Any CPU
		{0A70A8A8-2B84-4964-A15A-0653D207E457}.Debug|Any CPU.ActiveCfg = Debug|Any CPU
		{0A70A8A8-2B84-4964-A15A-0653D207E457}.Debug|Any CPU.Build.0 = Debug|Any CPU
		{0A70A8A8-2B84-4964-A15A-0653D207E457}.Release|Any CPU.ActiveCfg = Release|Any CPU
		{0A70A8A8-2B84-4964-A15A-0653D207E457}.Release|Any CPU.Build.0 = Release|Any CPU
		{2B8AED3D-78B6-444C-ADDF-26D3BBCA6121}.Debug|Any CPU.ActiveCfg = Debug|Any CPU
		{2B8AED3D-78B6-444C-ADDF-26D3BBCA6121}.Debug|Any CPU.Build.0 = Debug|Any CPU
		{2B8AED3D-78B6-444C-ADDF-26D3BBCA6121}.Release|Any CPU.ActiveCfg = Release|Any CPU
		{2B8AED3D-78B6-444C-ADDF-26D3BBCA6121}.Release|Any CPU.Build.0 = Release|Any CPU
		{23DA6A00-5DD4-45E6-B63F-6C638FEA27C6}.Debug|Any CPU.ActiveCfg = Debug|Any CPU
		{23DA6A00-5DD4-45E6-B63F-6C638FEA27C6}.Debug|Any CPU.Build.0 = Debug|Any CPU
		{23DA6A00-5DD4-45E6-B63F-6C638FEA27C6}.Release|Any CPU.ActiveCfg = Release|Any CPU
		{23DA6A00-5DD4-45E6-B63F-6C638FEA27C6}.Release|Any CPU.Build.0 = Release|Any CPU
		{050FCE3B-CB58-4C1C-95C2-C7259AB2E14E}.Debug|Any CPU.ActiveCfg = Debug|Any CPU
		{050FCE3B-CB58-4C1C-95C2-C7259AB2E14E}.Debug|Any CPU.Build.0 = Debug|Any CPU
		{050FCE3B-CB58-4C1C-95C2-C7259AB2E14E}.Release|Any CPU.ActiveCfg = Release|Any CPU
		{050FCE3B-CB58-4C1C-95C2-C7259AB2E14E}.Release|Any CPU.Build.0 = Release|Any CPU
		{DF7A051C-597B-43B3-8537-905D95DA5EEF}.Debug|Any CPU.ActiveCfg = Debug|Any CPU
		{DF7A051C-597B-43B3-8537-905D95DA5EEF}.Debug|Any CPU.Build.0 = Debug|Any CPU
		{DF7A051C-597B-43B3-8537-905D95DA5EEF}.Release|Any CPU.ActiveCfg = Release|Any CPU
		{DF7A051C-597B-43B3-8537-905D95DA5EEF}.Release|Any CPU.Build.0 = Release|Any CPU
		{A99EB105-8336-419C-9FE6-32C502C4413E}.Debug|Any CPU.ActiveCfg = Debug|Any CPU
		{A99EB105-8336-419C-9FE6-32C502C4413E}.Debug|Any CPU.Build.0 = Debug|Any CPU
		{A99EB105-8336-419C-9FE6-32C502C4413E}.Release|Any CPU.ActiveCfg = Release|Any CPU
		{A99EB105-8336-419C-9FE6-32C502C4413E}.Release|Any CPU.Build.0 = Release|Any CPU
		{CD30C8FC-FDBC-4918-AE21-9EA21DA3EDE3}.Debug|Any CPU.ActiveCfg = Debug|Any CPU
		{CD30C8FC-FDBC-4918-AE21-9EA21DA3EDE3}.Debug|Any CPU.Build.0 = Debug|Any CPU
		{CD30C8FC-FDBC-4918-AE21-9EA21DA3EDE3}.Release|Any CPU.ActiveCfg = Release|Any CPU
		{CD30C8FC-FDBC-4918-AE21-9EA21DA3EDE3}.Release|Any CPU.Build.0 = Release|Any CPU
		{A5D60DD4-8EA3-45ED-8358-8C8528B09ABE}.Debug|Any CPU.ActiveCfg = Debug|Any CPU
		{A5D60DD4-8EA3-45ED-8358-8C8528B09ABE}.Debug|Any CPU.Build.0 = Debug|Any CPU
		{A5D60DD4-8EA3-45ED-8358-8C8528B09ABE}.Release|Any CPU.ActiveCfg = Release|Any CPU
		{A5D60DD4-8EA3-45ED-8358-8C8528B09ABE}.Release|Any CPU.Build.0 = Release|Any CPU
		{1EE0A802-14B7-40B5-AA01-65D5EFE3F380}.Debug|Any CPU.ActiveCfg = Debug|Any CPU
		{1EE0A802-14B7-40B5-AA01-65D5EFE3F380}.Debug|Any CPU.Build.0 = Debug|Any CPU
		{1EE0A802-14B7-40B5-AA01-65D5EFE3F380}.Release|Any CPU.ActiveCfg = Release|Any CPU
		{1EE0A802-14B7-40B5-AA01-65D5EFE3F380}.Release|Any CPU.Build.0 = Release|Any CPU
		{62B615FB-124D-4D51-83A7-2091D1601842}.Debug|Any CPU.ActiveCfg = Debug|Any CPU
		{62B615FB-124D-4D51-83A7-2091D1601842}.Debug|Any CPU.Build.0 = Debug|Any CPU
		{62B615FB-124D-4D51-83A7-2091D1601842}.Release|Any CPU.ActiveCfg = Release|Any CPU
		{62B615FB-124D-4D51-83A7-2091D1601842}.Release|Any CPU.Build.0 = Release|Any CPU
		{E1B486A4-1900-4E2D-BF8D-3602AD8F59B0}.Debug|Any CPU.ActiveCfg = Debug|Any CPU
		{E1B486A4-1900-4E2D-BF8D-3602AD8F59B0}.Debug|Any CPU.Build.0 = Debug|Any CPU
		{E1B486A4-1900-4E2D-BF8D-3602AD8F59B0}.Release|Any CPU.ActiveCfg = Release|Any CPU
		{E1B486A4-1900-4E2D-BF8D-3602AD8F59B0}.Release|Any CPU.Build.0 = Release|Any CPU
		{D24407AD-9685-4EA1-A6B3-CCA28364983B}.Debug|Any CPU.ActiveCfg = Debug|Any CPU
		{D24407AD-9685-4EA1-A6B3-CCA28364983B}.Debug|Any CPU.Build.0 = Debug|Any CPU
		{D24407AD-9685-4EA1-A6B3-CCA28364983B}.Release|Any CPU.ActiveCfg = Release|Any CPU
		{D24407AD-9685-4EA1-A6B3-CCA28364983B}.Release|Any CPU.Build.0 = Release|Any CPU
		{5FE96FE1-E446-4099-9BB0-9A33CEB7C3F6}.Debug|Any CPU.ActiveCfg = Debug|Any CPU
		{5FE96FE1-E446-4099-9BB0-9A33CEB7C3F6}.Debug|Any CPU.Build.0 = Debug|Any CPU
		{5FE96FE1-E446-4099-9BB0-9A33CEB7C3F6}.Release|Any CPU.ActiveCfg = Release|Any CPU
		{5FE96FE1-E446-4099-9BB0-9A33CEB7C3F6}.Release|Any CPU.Build.0 = Release|Any CPU
		{24940F23-7438-4C34-B92E-12453926FB29}.Debug|Any CPU.ActiveCfg = Debug|Any CPU
		{24940F23-7438-4C34-B92E-12453926FB29}.Debug|Any CPU.Build.0 = Debug|Any CPU
		{24940F23-7438-4C34-B92E-12453926FB29}.Release|Any CPU.ActiveCfg = Release|Any CPU
		{24940F23-7438-4C34-B92E-12453926FB29}.Release|Any CPU.Build.0 = Release|Any CPU
		{8E0B4178-4202-4211-A889-D123D54C8B71}.Debug|Any CPU.ActiveCfg = Debug|Any CPU
		{8E0B4178-4202-4211-A889-D123D54C8B71}.Debug|Any CPU.Build.0 = Debug|Any CPU
		{8E0B4178-4202-4211-A889-D123D54C8B71}.Release|Any CPU.ActiveCfg = Release|Any CPU
		{8E0B4178-4202-4211-A889-D123D54C8B71}.Release|Any CPU.Build.0 = Release|Any CPU
		{AD34D987-A68D-4F47-8CAD-C8A2646A81B7}.Debug|Any CPU.ActiveCfg = Debug|Any CPU
		{AD34D987-A68D-4F47-8CAD-C8A2646A81B7}.Debug|Any CPU.Build.0 = Debug|Any CPU
		{AD34D987-A68D-4F47-8CAD-C8A2646A81B7}.Release|Any CPU.ActiveCfg = Release|Any CPU
		{AD34D987-A68D-4F47-8CAD-C8A2646A81B7}.Release|Any CPU.Build.0 = Release|Any CPU
		{ACEA05B3-B742-4BAC-9F95-92F97F58B1A8}.Debug|Any CPU.ActiveCfg = Debug|Any CPU
		{ACEA05B3-B742-4BAC-9F95-92F97F58B1A8}.Debug|Any CPU.Build.0 = Debug|Any CPU
		{ACEA05B3-B742-4BAC-9F95-92F97F58B1A8}.Release|Any CPU.ActiveCfg = Release|Any CPU
		{ACEA05B3-B742-4BAC-9F95-92F97F58B1A8}.Release|Any CPU.Build.0 = Release|Any CPU
		{53190D4B-5C09-4FEA-B50F-4C43F648FE68}.Debug|Any CPU.ActiveCfg = Debug|Any CPU
		{53190D4B-5C09-4FEA-B50F-4C43F648FE68}.Debug|Any CPU.Build.0 = Debug|Any CPU
		{53190D4B-5C09-4FEA-B50F-4C43F648FE68}.Release|Any CPU.ActiveCfg = Release|Any CPU
		{53190D4B-5C09-4FEA-B50F-4C43F648FE68}.Release|Any CPU.Build.0 = Release|Any CPU
		{E1F400EC-B7A3-4DC4-8641-9FE7078A6780}.Debug|Any CPU.ActiveCfg = Debug|Any CPU
		{E1F400EC-B7A3-4DC4-8641-9FE7078A6780}.Debug|Any CPU.Build.0 = Debug|Any CPU
		{E1F400EC-B7A3-4DC4-8641-9FE7078A6780}.Release|Any CPU.ActiveCfg = Release|Any CPU
		{E1F400EC-B7A3-4DC4-8641-9FE7078A6780}.Release|Any CPU.Build.0 = Release|Any CPU
		{8DA7008D-0F7A-4E32-93E7-914DE56E5F3A}.Debug|Any CPU.ActiveCfg = Debug|Any CPU
		{8DA7008D-0F7A-4E32-93E7-914DE56E5F3A}.Debug|Any CPU.Build.0 = Debug|Any CPU
		{8DA7008D-0F7A-4E32-93E7-914DE56E5F3A}.Release|Any CPU.ActiveCfg = Release|Any CPU
		{8DA7008D-0F7A-4E32-93E7-914DE56E5F3A}.Release|Any CPU.Build.0 = Release|Any CPU
		{B6D60EB9-DCE7-4AAA-85E6-86E65259B893}.Debug|Any CPU.ActiveCfg = Debug|Any CPU
		{B6D60EB9-DCE7-4AAA-85E6-86E65259B893}.Debug|Any CPU.Build.0 = Debug|Any CPU
		{B6D60EB9-DCE7-4AAA-85E6-86E65259B893}.Release|Any CPU.ActiveCfg = Release|Any CPU
		{B6D60EB9-DCE7-4AAA-85E6-86E65259B893}.Release|Any CPU.Build.0 = Release|Any CPU
		{8467F8F6-383C-4BB9-8EDA-AB8EAE9BF228}.Debug|Any CPU.ActiveCfg = Debug|Any CPU
		{8467F8F6-383C-4BB9-8EDA-AB8EAE9BF228}.Debug|Any CPU.Build.0 = Debug|Any CPU
		{8467F8F6-383C-4BB9-8EDA-AB8EAE9BF228}.Release|Any CPU.ActiveCfg = Release|Any CPU
		{8467F8F6-383C-4BB9-8EDA-AB8EAE9BF228}.Release|Any CPU.Build.0 = Release|Any CPU
	EndGlobalSection
	GlobalSection(SolutionProperties) = preSolution
		HideSolutionNode = FALSE
	EndGlobalSection
	GlobalSection(ExtensibilityGlobals) = postSolution
		SolutionGuid = {32356806-5FA2-436F-B9B2-EAB4ABC599D1}
	EndGlobalSection
EndGlobal
