
Microsoft Visual Studio Solution File, Format Version 12.00
# Visual Studio Version 17
VisualStudioVersion = 17.11.35327.3
MinimumVisualStudioVersion = 10.0.40219.1
Project("{FAE04EC0-301F-11D3-BF4B-00C04F79EFBC}") = "ex01", "ex01\ex01.csproj", "{D8C2A0E0-8DC2-4CA3-BFF8-7797794DDB37}"
EndProject
Project("{FAE04EC0-301F-11D3-BF4B-00C04F79EFBC}") = "ex02", "ex02\ex02.csproj", "{1B428C25-ED51-443E-8B60-E6FE4819BAE3}"
EndProject
Project("{FAE04EC0-301F-11D3-BF4B-00C04F79EFBC}") = "ex03", "ex03\ex03.csproj", "{2DB9427E-E8B0-4597-BB7D-5A428F40CA65}"
EndProject
Global
	GlobalSection(SolutionConfigurationPlatforms) = preSolution
		Debug|Any CPU = Debug|Any CPU
		Release|Any CPU = Release|Any CPU
	EndGlobalSection
	GlobalSection(ProjectConfigurationPlatforms) = postSolution
		{D8C2A0E0-8DC2-4CA3-BFF8-7797794DDB37}.Debug|Any CPU.ActiveCfg = Debug|Any CPU
		{D8C2A0E0-8DC2-4CA3-BFF8-7797794DDB37}.Debug|Any CPU.Build.0 = Debug|Any CPU
		{D8C2A0E0-8DC2-4CA3-BFF8-7797794DDB37}.Release|Any CPU.ActiveCfg = Release|Any CPU
		{D8C2A0E0-8DC2-4CA3-BFF8-7797794DDB37}.Release|Any CPU.Build.0 = Release|Any CPU
		{1B428C25-ED51-443E-8B60-E6FE4819BAE3}.Debug|Any CPU.ActiveCfg = Debug|Any CPU
		{1B428C25-ED51-443E-8B60-E6FE4819BAE3}.Debug|Any CPU.Build.0 = Debug|Any CPU
		{1B428C25-ED51-443E-8B60-E6FE4819BAE3}.Release|Any CPU.ActiveCfg = Release|Any CPU
		{1B428C25-ED51-443E-8B60-E6FE4819BAE3}.Release|Any CPU.Build.0 = Release|Any CPU
		{2DB9427E-E8B0-4597-BB7D-5A428F40CA65}.Debug|Any CPU.ActiveCfg = Debug|Any CPU
		{2DB9427E-E8B0-4597-BB7D-5A428F40CA65}.Debug|Any CPU.Build.0 = Debug|Any CPU
		{2DB9427E-E8B0-4597-BB7D-5A428F40CA65}.Release|Any CPU.ActiveCfg = Release|Any CPU
		{2DB9427E-E8B0-4597-BB7D-5A428F40CA65}.Release|Any CPU.Build.0 = Release|Any CPU
	EndGlobalSection
	GlobalSection(SolutionProperties) = preSolution
		HideSolutionNode = FALSE
	EndGlobalSection
	GlobalSection(ExtensibilityGlobals) = postSolution
		SolutionGuid = {32356806-5FA2-436F-B9B2-EAB4ABC599D1}
	EndGlobalSection
EndGlobal
